
Microsoft Visual Studio Solution File, Format Version 12.00
# Visual Studio Version 16
VisualStudioVersion = 16.0.30717.126
MinimumVisualStudioVersion = 10.0.40219.1
Project("{9A19103F-16F7-4668-BE54-9A1E7A4F7556}") = "Server", "Server\Server.csproj", "{B96EF78F-01AB-4618-A963-52067DFE3E3E}"
EndProject
Project("{9A19103F-16F7-4668-BE54-9A1E7A4F7556}") = "ServerCore", "ServerCore\ServerCore.csproj", "{104A642E-151B-410E-9021-DBC38584CB14}"
EndProject
Project("{9A19103F-16F7-4668-BE54-9A1E7A4F7556}") = "DummyClient", "DummyClient\DummyClient.csproj", "{8035C57F-7FD2-4C6E-ADFE-BEBBD6C0D041}"
EndProject
Project("{FAE04EC0-301F-11D3-BF4B-00C04F79EFBC}") = "PacketGenerator", "PacketGenerator\PacketGenerator.csproj", "{B8CE7140-FAB3-4844-B2BD-08ABBC530B0C}"
EndProject
Project("{2150E333-8FDC-42A3-9474-1A3956D46DE8}") = "Tool", "Tool", "{B30627E5-DFC9-43F2-B928-EB0879A4A23E}"
EndProject
Global
	GlobalSection(SolutionConfigurationPlatforms) = preSolution
		Debug|Any CPU = Debug|Any CPU
		Release|Any CPU = Release|Any CPU
	EndGlobalSection
	GlobalSection(ProjectConfigurationPlatforms) = postSolution
		{B96EF78F-01AB-4618-A963-52067DFE3E3E}.Debug|Any CPU.ActiveCfg = Debug|Any CPU
		{B96EF78F-01AB-4618-A963-52067DFE3E3E}.Debug|Any CPU.Build.0 = Debug|Any CPU
		{B96EF78F-01AB-4618-A963-52067DFE3E3E}.Release|Any CPU.ActiveCfg = Release|Any CPU
		{B96EF78F-01AB-4618-A963-52067DFE3E3E}.Release|Any CPU.Build.0 = Release|Any CPU
		{104A642E-151B-410E-9021-DBC38584CB14}.Debug|Any CPU.ActiveCfg = Debug|Any CPU
		{104A642E-151B-410E-9021-DBC38584CB14}.Debug|Any CPU.Build.0 = Debug|Any CPU
		{104A642E-151B-410E-9021-DBC38584CB14}.Release|Any CPU.ActiveCfg = Release|Any CPU
		{104A642E-151B-410E-9021-DBC38584CB14}.Release|Any CPU.Build.0 = Release|Any CPU
		{8035C57F-7FD2-4C6E-ADFE-BEBBD6C0D041}.Debug|Any CPU.ActiveCfg = Debug|Any CPU
		{8035C57F-7FD2-4C6E-ADFE-BEBBD6C0D041}.Debug|Any CPU.Build.0 = Debug|Any CPU
		{8035C57F-7FD2-4C6E-ADFE-BEBBD6C0D041}.Release|Any CPU.ActiveCfg = Release|Any CPU
		{8035C57F-7FD2-4C6E-ADFE-BEBBD6C0D041}.Release|Any CPU.Build.0 = Release|Any CPU
		{B8CE7140-FAB3-4844-B2BD-08ABBC530B0C}.Debug|Any CPU.ActiveCfg = Debug|Any CPU
		{B8CE7140-FAB3-4844-B2BD-08ABBC530B0C}.Debug|Any CPU.Build.0 = Debug|Any CPU
		{B8CE7140-FAB3-4844-B2BD-08ABBC530B0C}.Release|Any CPU.ActiveCfg = Release|Any CPU
		{B8CE7140-FAB3-4844-B2BD-08ABBC530B0C}.Release|Any CPU.Build.0 = Release|Any CPU
	EndGlobalSection
	GlobalSection(SolutionProperties) = preSolution
		HideSolutionNode = FALSE
	EndGlobalSection
	GlobalSection(NestedProjects) = preSolution
		{B8CE7140-FAB3-4844-B2BD-08ABBC530B0C} = {B30627E5-DFC9-43F2-B928-EB0879A4A23E}
	EndGlobalSection
	GlobalSection(ExtensibilityGlobals) = postSolution
		SolutionGuid = {A36A20AC-3A3E-4542-8CB4-B865774CD45E}
	EndGlobalSection
EndGlobal
